
Microsoft Visual Studio Solution File, Format Version 12.00
# Visual Studio Version 16
VisualStudioVersion = 16.0.31313.79
MinimumVisualStudioVersion = 10.0.40219.1
Project("{FAE04EC0-301F-11D3-BF4B-00C04F79EFBC}") = "selectionStatementExercise2", "selectionStatementExercise2\selectionStatementExercise2.csproj", "{D9138AF8-A6F8-47A0-A3B4-02DDA0ACCD7C}"
EndProject
Global
	GlobalSection(SolutionConfigurationPlatforms) = preSolution
		Debug|Any CPU = Debug|Any CPU
		Release|Any CPU = Release|Any CPU
	EndGlobalSection
	GlobalSection(ProjectConfigurationPlatforms) = postSolution
		{D9138AF8-A6F8-47A0-A3B4-02DDA0ACCD7C}.Debug|Any CPU.ActiveCfg = Debug|Any CPU
		{D9138AF8-A6F8-47A0-A3B4-02DDA0ACCD7C}.Debug|Any CPU.Build.0 = Debug|Any CPU
		{D9138AF8-A6F8-47A0-A3B4-02DDA0ACCD7C}.Release|Any CPU.ActiveCfg = Release|Any CPU
		{D9138AF8-A6F8-47A0-A3B4-02DDA0ACCD7C}.Release|Any CPU.Build.0 = Release|Any CPU
	EndGlobalSection
	GlobalSection(SolutionProperties) = preSolution
		HideSolutionNode = FALSE
	EndGlobalSection
	GlobalSection(ExtensibilityGlobals) = postSolution
		SolutionGuid = {C5961C1E-6F0F-42ED-ABE7-A75B5320A44F}
	EndGlobalSection
EndGlobal
